// !$*UTF8*$!
{
	archiveVersion = 1;
	classes = {
	};
	objectVersion = 46;
	objects = {

/* Begin PBXBuildFile section */
		E6D47A101411513900DEDC24 /* UIKit.framework in Frameworks */ = {isa = PBXBuildFile; fileRef = E6D47A0F1411513900DEDC24 /* UIKit.framework */; };
		E6D47A121411513900DEDC24 /* Foundation.framework in Frameworks */ = {isa = PBXBuildFile; fileRef = E6D47A111411513900DEDC24 /* Foundation.framework */; };
		E6D47A141411513900DEDC24 /* CoreGraphics.framework in Frameworks */ = {isa = PBXBuildFile; fileRef = E6D47A131411513900DEDC24 /* CoreGraphics.framework */; };
		E6D47A161411513900DEDC24 /* CoreData.framework in Frameworks */ = {isa = PBXBuildFile; fileRef = E6D47A151411513900DEDC24 /* CoreData.framework */; };
		E6D47A1C1411513900DEDC24 /* InfoPlist.strings in Resources */ = {isa = PBXBuildFile; fileRef = E6D47A1A1411513900DEDC24 /* InfoPlist.strings */; };
		E6D47A1E1411513900DEDC24 /* main.m in Sources */ = {isa = PBXBuildFile; fileRef = E6D47A1D1411513900DEDC24 /* main.m */; };
		E6D47A221411513900DEDC24 /* AEAppDelegate.m in Sources */ = {isa = PBXBuildFile; fileRef = E6D47A211411513900DEDC24 /* AEAppDelegate.m */; };
		E6D47A251411513900DEDC24 /* UITableViewCellDatSourceSample.xcdatamodeld in Sources */ = {isa = PBXBuildFile; fileRef = E6D47A231411513900DEDC24 /* UITableViewCellDatSourceSample.xcdatamodeld */; };
		E6D47A281411513900DEDC24 /* AEMasterViewController.m in Sources */ = {isa = PBXBuildFile; fileRef = E6D47A271411513900DEDC24 /* AEMasterViewController.m */; };
		E6D47A2B1411513900DEDC24 /* AEDetailViewController.m in Sources */ = {isa = PBXBuildFile; fileRef = E6D47A2A1411513900DEDC24 /* AEDetailViewController.m */; };
		E6D47A2E1411513900DEDC24 /* AEMasterViewController_iPhone.xib in Resources */ = {isa = PBXBuildFile; fileRef = E6D47A2C1411513900DEDC24 /* AEMasterViewController_iPhone.xib */; };
		E6D47A311411513900DEDC24 /* AEMasterViewController_iPad.xib in Resources */ = {isa = PBXBuildFile; fileRef = E6D47A2F1411513900DEDC24 /* AEMasterViewController_iPad.xib */; };
		E6D47A341411513900DEDC24 /* AEDetailViewController_iPhone.xib in Resources */ = {isa = PBXBuildFile; fileRef = E6D47A321411513900DEDC24 /* AEDetailViewController_iPhone.xib */; };
		E6D47A371411513900DEDC24 /* AEDetailViewController_iPad.xib in Resources */ = {isa = PBXBuildFile; fileRef = E6D47A351411513900DEDC24 /* AEDetailViewController_iPad.xib */; };
/* End PBXBuildFile section */

/* Begin PBXFileReference section */
		E6D47A0B1411513900DEDC24 /* UITableViewCellDatSourceSample.app */ = {isa = PBXFileReference; explicitFileType = wrapper.application; includeInIndex = 0; path = UITableViewCellDatSourceSample.app; sourceTree = BUILT_PRODUCTS_DIR; };
		E6D47A0F1411513900DEDC24 /* UIKit.framework */ = {isa = PBXFileReference; lastKnownFileType = wrapper.framework; name = UIKit.framework; path = System/Library/Frameworks/UIKit.framework; sourceTree = SDKROOT; };
		E6D47A111411513900DEDC24 /* Foundation.framework */ = {isa = PBXFileReference; lastKnownFileType = wrapper.framework; name = Foundation.framework; path = System/Library/Frameworks/Foundation.framework; sourceTree = SDKROOT; };
		E6D47A131411513900DEDC24 /* CoreGraphics.framework */ = {isa = PBXFileReference; lastKnownFileType = wrapper.framework; name = CoreGraphics.framework; path = System/Library/Frameworks/CoreGraphics.framework; sourceTree = SDKROOT; };
		E6D47A151411513900DEDC24 /* CoreData.framework */ = {isa = PBXFileReference; lastKnownFileType = wrapper.framework; name = CoreData.framework; path = System/Library/Frameworks/CoreData.framework; sourceTree = SDKROOT; };
		E6D47A191411513900DEDC24 /* UITableViewCellDatSourceSample-Info.plist */ = {isa = PBXFileReference; path = "UITableViewCellDatSourceSample-Info.plist"; sourceTree = "<group>"; };
		E6D47A1B1411513900DEDC24 /* en */ = {isa = PBXFileReference; lastKnownFileType = text.plist.strings; name = en; path = en.lproj/InfoPlist.strings; sourceTree = "<group>"; };
		E6D47A1D1411513900DEDC24 /* main.m */ = {isa = PBXFileReference; lastKnownFileType = sourcecode.c.objc; path = main.m; sourceTree = "<group>"; };
		E6D47A1F1411513900DEDC24 /* UITableViewCellDatSourceSample-Prefix.pch */ = {isa = PBXFileReference; path = "UITableViewCellDatSourceSample-Prefix.pch"; sourceTree = "<group>"; };
		E6D47A201411513900DEDC24 /* AEAppDelegate.h */ = {isa = PBXFileReference; path = AEAppDelegate.h; sourceTree = "<group>"; };
		E6D47A211411513900DEDC24 /* AEAppDelegate.m */ = {isa = PBXFileReference; lastKnownFileType = sourcecode.c.objc; path = AEAppDelegate.m; sourceTree = "<group>"; };
		E6D47A241411513900DEDC24 /* UITableViewCellDatSourceSample.xcdatamodel */ = {isa = PBXFileReference; lastKnownFileType = wrapper.xcdatamodel; path = UITableViewCellDatSourceSample.xcdatamodel; sourceTree = "<group>"; };
		E6D47A261411513900DEDC24 /* AEMasterViewController.h */ = {isa = PBXFileReference; path = AEMasterViewController.h; sourceTree = "<group>"; };
		E6D47A271411513900DEDC24 /* AEMasterViewController.m */ = {isa = PBXFileReference; lastKnownFileType = sourcecode.c.objc; path = AEMasterViewController.m; sourceTree = "<group>"; };
		E6D47A291411513900DEDC24 /* AEDetailViewController.h */ = {isa = PBXFileReference; path = AEDetailViewController.h; sourceTree = "<group>"; };
		E6D47A2A1411513900DEDC24 /* AEDetailViewController.m */ = {isa = PBXFileReference; lastKnownFileType = sourcecode.c.objc; path = AEDetailViewController.m; sourceTree = "<group>"; };
		E6D47A2D1411513900DEDC24 /* en */ = {isa = PBXFileReference; lastKnownFileType = file.xib; name = en; path = en.lproj/AEMasterViewController_iPhone.xib; sourceTree = "<group>"; };
		E6D47A301411513900DEDC24 /* en */ = {isa = PBXFileReference; lastKnownFileType = file.xib; name = en; path = en.lproj/AEMasterViewController_iPad.xib; sourceTree = "<group>"; };
		E6D47A331411513900DEDC24 /* en */ = {isa = PBXFileReference; lastKnownFileType = file.xib; name = en; path = en.lproj/AEDetailViewController_iPhone.xib; sourceTree = "<group>"; };
		E6D47A361411513900DEDC24 /* en */ = {isa = PBXFileReference; lastKnownFileType = file.xib; name = en; path = en.lproj/AEDetailViewController_iPad.xib; sourceTree = "<group>"; };
/* End PBXFileReference section */

/* Begin PBXFrameworksBuildPhase section */
		E6D47A081411513900DEDC24 /* Frameworks */ = {
			isa = PBXFrameworksBuildPhase;
			buildActionMask = 2147483647;
			files = (
				E6D47A101411513900DEDC24 /* UIKit.framework in Frameworks */,
				E6D47A121411513900DEDC24 /* Foundation.framework in Frameworks */,
				E6D47A141411513900DEDC24 /* CoreGraphics.framework in Frameworks */,
				E6D47A161411513900DEDC24 /* CoreData.framework in Frameworks */,
			);
			runOnlyForDeploymentPostprocessing = 0;
		};
/* End PBXFrameworksBuildPhase section */

/* Begin PBXGroup section */
		E6D47A001411513900DEDC24 = {
			isa = PBXGroup;
			children = (
				E6D47A171411513900DEDC24 /* UITableViewCellDatSourceSample */,
				E6D47A0E1411513900DEDC24 /* Frameworks */,
				E6D47A0C1411513900DEDC24 /* Products */,
			);
			sourceTree = "<group>";
		};
		E6D47A0C1411513900DEDC24 /* Products */ = {
			isa = PBXGroup;
			children = (
				E6D47A0B1411513900DEDC24 /* UITableViewCellDatSourceSample.app */,
			);
			name = Products;
			sourceTree = "<group>";
		};
		E6D47A0E1411513900DEDC24 /* Frameworks */ = {
			isa = PBXGroup;
			children = (
				E6D47A0F1411513900DEDC24 /* UIKit.framework */,
				E6D47A111411513900DEDC24 /* Foundation.framework */,
				E6D47A131411513900DEDC24 /* CoreGraphics.framework */,
				E6D47A151411513900DEDC24 /* CoreData.framework */,
			);
			name = Frameworks;
			sourceTree = "<group>";
		};
		E6D47A171411513900DEDC24 /* UITableViewCellDatSourceSample */ = {
			isa = PBXGroup;
			children = (
				E6D47A201411513900DEDC24 /* AEAppDelegate.h */,
				E6D47A211411513900DEDC24 /* AEAppDelegate.m */,
				E6D47A261411513900DEDC24 /* AEMasterViewController.h */,
				E6D47A271411513900DEDC24 /* AEMasterViewController.m */,
				E6D47A291411513900DEDC24 /* AEDetailViewController.h */,
				E6D47A2A1411513900DEDC24 /* AEDetailViewController.m */,
				E6D47A2C1411513900DEDC24 /* AEMasterViewController_iPhone.xib */,
				E6D47A2F1411513900DEDC24 /* AEMasterViewController_iPad.xib */,
				E6D47A321411513900DEDC24 /* AEDetailViewController_iPhone.xib */,
				E6D47A351411513900DEDC24 /* AEDetailViewController_iPad.xib */,
				E6D47A231411513900DEDC24 /* UITableViewCellDatSourceSample.xcdatamodeld */,
				E6D47A181411513900DEDC24 /* Supporting Files */,
			);
			path = UITableViewCellDatSourceSample;
			sourceTree = "<group>";
		};
		E6D47A181411513900DEDC24 /* Supporting Files */ = {
			isa = PBXGroup;
			children = (
				E6D47A191411513900DEDC24 /* UITableViewCellDatSourceSample-Info.plist */,
				E6D47A1A1411513900DEDC24 /* InfoPlist.strings */,
				E6D47A1D1411513900DEDC24 /* main.m */,
				E6D47A1F1411513900DEDC24 /* UITableViewCellDatSourceSample-Prefix.pch */,
			);
			name = "Supporting Files";
			sourceTree = "<group>";
		};
/* End PBXGroup section */

/* Begin PBXNativeTarget section */
		E6D47A0A1411513900DEDC24 /* UITableViewCellDatSourceSample */ = {
			isa = PBXNativeTarget;
			buildConfigurationList = E6D47A3A1411513900DEDC24 /* Build configuration list for PBXNativeTarget "UITableViewCellDatSourceSample" */;
			buildPhases = (
				E6D47A071411513900DEDC24 /* Sources */,
				E6D47A081411513900DEDC24 /* Frameworks */,
				E6D47A091411513900DEDC24 /* Resources */,
			);
			buildRules = (
			);
			dependencies = (
			);
			name = UITableViewCellDatSourceSample;
			productName = UITableViewCellDatSourceSample;
			productReference = E6D47A0B1411513900DEDC24 /* UITableViewCellDatSourceSample.app */;
			productType = "com.apple.product-type.application";
		};
/* End PBXNativeTarget section */

/* Begin PBXProject section */
		E6D47A021411513900DEDC24 /* Project object */ = {
			isa = PBXProject;
			attributes = {
				LastUpgradeCheck = 0420;
				ORGANIZATIONNAME = UIMUI;
			};
			buildConfigurationList = E6D47A051411513900DEDC24 /* Build configuration list for PBXProject "UITableViewCellDatSourceSample" */;
			compatibilityVersion = "Xcode 3.2";
			developmentRegion = English;
			hasScannedForEncodings = 0;
			knownRegions = (
				en,
			);
			mainGroup = E6D47A001411513900DEDC24;
			productRefGroup = E6D47A0C1411513900DEDC24 /* Products */;
			projectDirPath = "";
			projectRoot = "";
			targets = (
				E6D47A0A1411513900DEDC24 /* UITableViewCellDatSourceSample */,
			);
		};
/* End PBXProject section */

/* Begin PBXResourcesBuildPhase section */
		E6D47A091411513900DEDC24 /* Resources */ = {
			isa = PBXResourcesBuildPhase;
			buildActionMask = 2147483647;
			files = (
				E6D47A1C1411513900DEDC24 /* InfoPlist.strings in Resources */,
				E6D47A2E1411513900DEDC24 /* AEMasterViewController_iPhone.xib in Resources */,
				E6D47A311411513900DEDC24 /* AEMasterViewController_iPad.xib in Resources */,
				E6D47A341411513900DEDC24 /* AEDetailViewController_iPhone.xib in Resources */,
				E6D47A371411513900DEDC24 /* AEDetailViewController_iPad.xib in Resources */,
			);
			runOnlyForDeploymentPostprocessing = 0;
		};
/* End PBXResourcesBuildPhase section */

/* Begin PBXSourcesBuildPhase section */
		E6D47A071411513900DEDC24 /* Sources */ = {
			isa = PBXSourcesBuildPhase;
			buildActionMask = 2147483647;
			files = (
				E6D47A1E1411513900DEDC24 /* main.m in Sources */,
				E6D47A221411513900DEDC24 /* AEAppDelegate.m in Sources */,
				E6D47A251411513900DEDC24 /* UITableViewCellDatSourceSample.xcdatamodeld in Sources */,
				E6D47A281411513900DEDC24 /* AEMasterViewController.m in Sources */,
				E6D47A2B1411513900DEDC24 /* AEDetailViewController.m in Sources */,
			);
			runOnlyForDeploymentPostprocessing = 0;
		};
/* End PBXSourcesBuildPhase section */

/* Begin PBXVariantGroup section */
		E6D47A1A1411513900DEDC24 /* InfoPlist.strings */ = {
			isa = PBXVariantGroup;
			children = (
				E6D47A1B1411513900DEDC24 /* en */,
			);
			name = InfoPlist.strings;
			sourceTree = "<group>";
		};
		E6D47A2C1411513900DEDC24 /* AEMasterViewController_iPhone.xib */ = {
			isa = PBXVariantGroup;
			children = (
				E6D47A2D1411513900DEDC24 /* en */,
			);
			name = AEMasterViewController_iPhone.xib;
			sourceTree = "<group>";
		};
		E6D47A2F1411513900DEDC24 /* AEMasterViewController_iPad.xib */ = {
			isa = PBXVariantGroup;
			children = (
				E6D47A301411513900DEDC24 /* en */,
			);
			name = AEMasterViewController_iPad.xib;
			sourceTree = "<group>";
		};
		E6D47A321411513900DEDC24 /* AEDetailViewController_iPhone.xib */ = {
			isa = PBXVariantGroup;
			children = (
				E6D47A331411513900DEDC24 /* en */,
			);
			name = AEDetailViewController_iPhone.xib;
			sourceTree = "<group>";
		};
		E6D47A351411513900DEDC24 /* AEDetailViewController_iPad.xib */ = {
			isa = PBXVariantGroup;
			children = (
				E6D47A361411513900DEDC24 /* en */,
			);
			name = AEDetailViewController_iPad.xib;
			sourceTree = "<group>";
		};
/* End PBXVariantGroup section */

/* Begin XCBuildConfiguration section */
		E6D47A381411513900DEDC24 /* Debug */ = {
			isa = XCBuildConfiguration;
			buildSettings = {
				ALWAYS_SEARCH_USER_PATHS = NO;
				ARCHS = "$(ARCHS_STANDARD_32_BIT)";
				CLANG_ENABLE_OBJC_ARC = YES;
				"CODE_SIGN_IDENTITY[sdk=iphoneos*]" = "iPhone Developer";
				COPY_PHASE_STRIP = NO;
				GCC_C_LANGUAGE_STANDARD = gnu99;
				GCC_DYNAMIC_NO_PIC = NO;
				GCC_OPTIMIZATION_LEVEL = 0;
				GCC_PREPROCESSOR_DEFINITIONS = (
					"DEBUG=1",
					"$(inherited)",
				);
				GCC_SYMBOLS_PRIVATE_EXTERN = NO;
				GCC_VERSION = com.apple.compilers.llvm.clang.1_0;
				GCC_WARN_ABOUT_MISSING_PROTOTYPES = YES;
				GCC_WARN_ABOUT_RETURN_TYPE = YES;
				GCC_WARN_UNUSED_VARIABLE = YES;
				IPHONEOS_DEPLOYMENT_TARGET = 5.0;
				SDKROOT = iphoneos;
				TARGETED_DEVICE_FAMILY = "1,2";
			};
			name = Debug;
		};
		E6D47A391411513900DEDC24 /* Release */ = {
			isa = XCBuildConfiguration;
			buildSettings = {
				ALWAYS_SEARCH_USER_PATHS = NO;
				ARCHS = "$(ARCHS_STANDARD_32_BIT)";
				CLANG_ENABLE_OBJC_ARC = YES;
				"CODE_SIGN_IDENTITY[sdk=iphoneos*]" = "iPhone Developer";
				COPY_PHASE_STRIP = YES;
				GCC_C_LANGUAGE_STANDARD = gnu99;
				GCC_VERSION = com.apple.compilers.llvm.clang.1_0;
				GCC_WARN_ABOUT_MISSING_PROTOTYPES = YES;
				GCC_WARN_ABOUT_RETURN_TYPE = YES;
				GCC_WARN_UNUSED_VARIABLE = YES;
				IPHONEOS_DEPLOYMENT_TARGET = 5.0;
				OTHER_CFLAGS = "-DNS_BLOCK_ASSERTIONS=1";
				SDKROOT = iphoneos;
				TARGETED_DEVICE_FAMILY = "1,2";
				VALIDATE_PRODUCT = YES;
			};
			name = Release;
		};
		E6D47A3B1411513900DEDC24 /* Debug */ = {
			isa = XCBuildConfiguration;
			buildSettings = {
				GCC_PRECOMPILE_PREFIX_HEADER = YES;
				GCC_PREFIX_HEADER = "UITableViewCellDatSourceSample/UITableViewCellDatSourceSample-Prefix.pch";
				INFOPLIST_FILE = "UITableViewCellDatSourceSample/UITableViewCellDatSourceSample-Info.plist";
				PRODUCT_NAME = "$(TARGET_NAME)";
				WRAPPER_EXTENSION = app;
			};
			name = Debug;
		};
		E6D47A3C1411513900DEDC24 /* Release */ = {
			isa = XCBuildConfiguration;
			buildSettings = {
				GCC_PRECOMPILE_PREFIX_HEADER = YES;
				GCC_PREFIX_HEADER = "UITableViewCellDatSourceSample/UITableViewCellDatSourceSample-Prefix.pch";
				INFOPLIST_FILE = "UITableViewCellDatSourceSample/UITableViewCellDatSourceSample-Info.plist";
				PRODUCT_NAME = "$(TARGET_NAME)";
				WRAPPER_EXTENSION = app;
			};
			name = Release;
		};
/* End XCBuildConfiguration section */

/* Begin XCConfigurationList section */
		E6D47A051411513900DEDC24 /* Build configuration list for PBXProject "UITableViewCellDatSourceSample" */ = {
			isa = XCConfigurationList;
			buildConfigurations = (
				E6D47A381411513900DEDC24 /* Debug */,
				E6D47A391411513900DEDC24 /* Release */,
			);
			defaultConfigurationIsVisible = 0;
			defaultConfigurationName = Release;
		};
		E6D47A3A1411513900DEDC24 /* Build configuration list for PBXNativeTarget "UITableViewCellDatSourceSample" */ = {
			isa = XCConfigurationList;
			buildConfigurations = (
				E6D47A3B1411513900DEDC24 /* Debug */,
				E6D47A3C1411513900DEDC24 /* Release */,
			);
			defaultConfigurationIsVisible = 0;
		};
/* End XCConfigurationList section */

/* Begin XCVersionGroup section */
		E6D47A231411513900DEDC24 /* UITableViewCellDatSourceSample.xcdatamodeld */ = {
			isa = XCVersionGroup;
			children = (
				E6D47A241411513900DEDC24 /* UITableViewCellDatSourceSample.xcdatamodel */,
			);
			currentVersion = E6D47A241411513900DEDC24 /* UITableViewCellDatSourceSample.xcdatamodel */;
			path = UITableViewCellDatSourceSample.xcdatamodeld;
			sourceTree = "<group>";
			versionGroupType = wrapper.xcdatamodel;
		};
/* End XCVersionGroup section */
	};
	rootObject = E6D47A021411513900DEDC24 /* Project object */;
}
